{
  "version": 4,
  "terraform_version": "1.9.8",
  "serial": 8,
  "lineage": "9a885ffa-66bb-f3ad-9379-8caf889733cd",
  "outputs": {
    "ec2_public_ip": {
      "value": "35.92.155.165",
      "type": "string"
    },
    "security_group_id": {
      "value": "sg-0ec3f9b9d40c2d12f",
      "type": "string"
    },
    "vpc_id": {
      "value": "vpc-0fedc75f03c76e5d9",
      "type": "string"
    }
  },
  "resources": [
    {
      "mode": "managed",
      "type": "aws_key_pair",
      "name": "ssh_key_pair",
      "provider": "provider[\"registry.terraform.io/hashicorp/aws\"]",
      "instances": [
        {
          "schema_version": 1,
          "attributes": {
            "arn": "arn:aws:ec2:us-west-2:737795138174:key-pair/dev-key",
            "fingerprint": "c9:6f:39:a6:a8:1d:a8:ce:7f:21:e3:f2:76:50:1c:7f",
            "id": "dev-key",
            "key_name": "dev-key",
            "key_name_prefix": "",
            "key_pair_id": "key-0d1f60c48fcfa4d10",
            "key_type": "rsa",
            "public_key": "ssh-rsa AAAAB3NzaC1yc2EAAAADAQABAAABAQCyiTNZgIcQ4/1b/yT5ghCIDL/kgqmRwFCWHVynODU/dKsCeQ4QM1HFclcgakwVvXKRjI8ss8loB/ssonbXk7YeEeh44x0IcMpeFhrtJPf3oG74vPNP68UMZsttSXg7XbBhPa3jXkA4XSC9Tv7Ar0neRYSPIJBSOl8R5xq4W/ItVpFI+RayVmLe0ER+MSEzvDVvjl2YZ5pBc6hiyyfeaJ5acpEGgmI51mdroCfcGkRECX7D/mSzK5aO0oDzk/eg/g33MDmEruybokuKn/aL1h6bwltS3Bk6Aawma9d6hM2LXElJUbfWd/EVaW34+jna7PJ4r0LAvfOphhOQzbl8Fwrh",
            "tags": null,
            "tags_all": {}
          },
          "sensitive_attributes": [],
          "private": "eyJzY2hlbWFfdmVyc2lvbiI6IjEifQ==",
          "dependencies": [
            "tls_private_key.ssh_key"
          ]
        }
      ]
    },
    {
      "mode": "managed",
      "type": "tls_private_key",
      "name": "ssh_key",
      "provider": "provider[\"registry.terraform.io/hashicorp/tls\"]",
      "instances": [
        {
          "schema_version": 1,
          "attributes": {
            "algorithm": "RSA",
            "ecdsa_curve": "P224",
            "id": "e182d023abc5a033ad712ad4a442e275d6762e45",
            "private_key_openssh": "-----BEGIN OPENSSH PRIVATE KEY-----\nb3BlbnNzaC1rZXktdjEAAAAABG5vbmUAAAAEbm9uZQAAAAAAAAABAAABFwAAAAdz\nc2gtcnNhAAAAAwEAAQAAAQEAsokzWYCHEOP9W/8k+YIQiAy/5IKpkcBQlh1cpzg1\nP3SrAnkOEDNRxXJXIGpMFb1ykYyPLLPJaAf7LKJ215O2HhHoeOMdCHDKXhYa7ST3\n96Bu+LzzT+vFDGbLbUl4O12wYT2t415AOF0gvU7+wK9J3kWEjyCQUjpfEecauFvy\nLVaRSPkWslZi3tBEfjEhM7w1b45dmGeaQXOoYssn3mieWnKRBoJiOdZna6An3BpE\nRAl+w/5ksyuWjtKA85P3oP4N9zA5hK7sm6JLip/2i9Yem8JbUtwZOgGsJmvXeoTN\ni1xJSVG31nfxFWlt+Po52uzyeK9CwL3zqYYTkM25fBcK4QAAA7hdoyOOXaMjjgAA\nAAdzc2gtcnNhAAABAQCyiTNZgIcQ4/1b/yT5ghCIDL/kgqmRwFCWHVynODU/dKsC\neQ4QM1HFclcgakwVvXKRjI8ss8loB/ssonbXk7YeEeh44x0IcMpeFhrtJPf3oG74\nvPNP68UMZsttSXg7XbBhPa3jXkA4XSC9Tv7Ar0neRYSPIJBSOl8R5xq4W/ItVpFI\n+RayVmLe0ER+MSEzvDVvjl2YZ5pBc6hiyyfeaJ5acpEGgmI51mdroCfcGkRECX7D\n/mSzK5aO0oDzk/eg/g33MDmEruybokuKn/aL1h6bwltS3Bk6Aawma9d6hM2LXElJ\nUbfWd/EVaW34+jna7PJ4r0LAvfOphhOQzbl8FwrhAAAAAwEAAQAAAQEAhFxZWHKE\nMA6GyEyJUf2OWf7xyOzh4C+uzwvnpAV03J2XJtcuiO4zImnZlCuaSsfQB34oq2CC\n4gCAw5+S8dINw49NRUpDPP252jUTM1skB07G1tvmmwrVZJNVH6nHXGPiHsWGhDlc\n7SyF2DOXhKyv2/y4ARCITp3925z1X1azXc5BEmZ6uxHJp/9t82pCgUPaUcGNOpul\n4BPq1AS4nITZuL+dE2jojduibSwEBDFOof+uaXsUAf4kmc7XX8DeSUQweqnolCGP\nsLgw4seSJ+WUsatyOh3oyUVxKO/7BLkvTTgVKsS414KkiPkCmaByeee0JJYeSfae\nr6ClEu3TRqV8XQAAAIEAj0/lM1PUjQu8bCD1jQsl0LQz91YCQTLh07K8AweCxaeN\n1Ef/64Q12576J68GcCYpqUmp+g8WuoXbymvFe3az/5wOf+9GN0oG6T8+/5+7kad5\nZhRPbu4TNtRb/2aszK2By4Tzs64CHX73y7kdDsXeiqd2fUnvIUTdbAgG8HddomoA\nAACBAMU02JvXYisJUwVaIznRa3LOrIno7AeB/qx7q6YSNUw1PyKcS1J/6v+0tm2Y\nBxGNyUh0Rf++dEG2X3OMV+iCaP1MouV9pd3u5XGyAz/T9po8c7o7zf5t3ZlJpb9X\nNRjyo0FEN/uzbrHSq5X7PcXHqbV0tJphb29hRIE5do6S7lbrAAAAgQDnw2N9M8ug\nwTFoCJjS9YLFAxWlh3HrBkLzdl76ZshCxy5PlMhYo3UNul34FF0IN3VYykxz/42w\nLUbAIF81Klxs/8pPJ06AmklhPb8L1bkKW+x8a7sZVOuayD17hX8H08ZKhlYv4f/i\nUGf+mSnESCaiG77qEILD1ZvBdTnp4oLKYwAAAAAB\n-----END OPENSSH PRIVATE KEY-----\n",
            "private_key_pem": "-----BEGIN RSA PRIVATE KEY-----\nMIIEpgIBAAKCAQEAsokzWYCHEOP9W/8k+YIQiAy/5IKpkcBQlh1cpzg1P3SrAnkO\nEDNRxXJXIGpMFb1ykYyPLLPJaAf7LKJ215O2HhHoeOMdCHDKXhYa7ST396Bu+Lzz\nT+vFDGbLbUl4O12wYT2t415AOF0gvU7+wK9J3kWEjyCQUjpfEecauFvyLVaRSPkW\nslZi3tBEfjEhM7w1b45dmGeaQXOoYssn3mieWnKRBoJiOdZna6An3BpERAl+w/5k\nsyuWjtKA85P3oP4N9zA5hK7sm6JLip/2i9Yem8JbUtwZOgGsJmvXeoTNi1xJSVG3\n1nfxFWlt+Po52uzyeK9CwL3zqYYTkM25fBcK4QIDAQABAoIBAQCEXFlYcoQwDobI\nTIlR/Y5Z/vHI7OHgL67PC+ekBXTcnZcm1y6I7jMiadmUK5pKx9AHfiirYILiAIDD\nn5Lx0g3Dj01FSkM8/bnaNRMzWyQHTsbW2+abCtVkk1UfqcdcY+IexYaEOVztLIXY\nM5eErK/b/LgBEIhOnf3bnPVfVrNdzkESZnq7Ecmn/23zakKBQ9pRwY06m6XgE+rU\nBLichNm4v50TaOiN26JtLAQEMU6h/65pexQB/iSZztdfwN5JRDB6qeiUIY+wuDDi\nx5In5ZSxq3I6HejJRXEo7/sEuS9NOBUqxLjXgqSI+QKZoHJ557Qklh5J9p6voKUS\n7dNGpXxdAoGBAMU02JvXYisJUwVaIznRa3LOrIno7AeB/qx7q6YSNUw1PyKcS1J/\n6v+0tm2YBxGNyUh0Rf++dEG2X3OMV+iCaP1MouV9pd3u5XGyAz/T9po8c7o7zf5t\n3ZlJpb9XNRjyo0FEN/uzbrHSq5X7PcXHqbV0tJphb29hRIE5do6S7lbrAoGBAOfD\nY30zy6DBMWgImNL1gsUDFaWHcesGQvN2XvpmyELHLk+UyFijdQ26XfgUXQg3dVjK\nTHP/jbAtRsAgXzUqXGz/yk8nToCaSWE9vwvVuQpb7HxruxlU65rIPXuFfwfTxkqG\nVi/h/+JQZ/6ZKcRIJqIbvuoQgsPVm8F1OenigspjAoGBALHtXkotaFsgDJHVo9a0\nxldNdYrwZpTXiuogotwxrXjWyeH2VldXJrYTXE1BT49c9/CxR77ZHZd0bmaYh3A2\nyXdQv+CDHzZAJzAPxrK+Ec9TH6816kPW6Is3UZ5zlmqt8PIgFMq6N/Ok+j9V8YQT\nA2G+rHxl0N8TSXW2XOuCUhyFAoGBALKddvNrE6gUvEr9NSqAZAQJ2Ij11enXrYmM\n1K4OwJAWia5zb+RANVobI4ipyPkoJJwFbN6JOV1px3kSec2zk/+9MuHF3U5nmd4D\nhFVOpYlCRwOs00k2lU14vUmRHNGfeNa+qXXFqztz1HH3AKVxJbURxRUHHIBpA90Y\nx0VleH8ZAoGBAI9P5TNT1I0LvGwg9Y0LJdC0M/dWAkEy4dOyvAMHgsWnjdRH/+uE\nNdue+ievBnAmKalJqfoPFrqF28prxXt2s/+cDn/vRjdKBuk/Pv+fu5GneWYUT27u\nEzbUW/9mrMytgcuE87OuAh1+98u5HQ7F3oqndn1J7yFE3WwIBvB3XaJq\n-----END RSA PRIVATE KEY-----\n",
            "private_key_pem_pkcs8": "-----BEGIN PRIVATE KEY-----\nMIIEwAIBADANBgkqhkiG9w0BAQEFAASCBKowggSmAgEAAoIBAQCyiTNZgIcQ4/1b\n/yT5ghCIDL/kgqmRwFCWHVynODU/dKsCeQ4QM1HFclcgakwVvXKRjI8ss8loB/ss\nonbXk7YeEeh44x0IcMpeFhrtJPf3oG74vPNP68UMZsttSXg7XbBhPa3jXkA4XSC9\nTv7Ar0neRYSPIJBSOl8R5xq4W/ItVpFI+RayVmLe0ER+MSEzvDVvjl2YZ5pBc6hi\nyyfeaJ5acpEGgmI51mdroCfcGkRECX7D/mSzK5aO0oDzk/eg/g33MDmEruybokuK\nn/aL1h6bwltS3Bk6Aawma9d6hM2LXElJUbfWd/EVaW34+jna7PJ4r0LAvfOphhOQ\nzbl8FwrhAgMBAAECggEBAIRcWVhyhDAOhshMiVH9jln+8cjs4eAvrs8L56QFdNyd\nlybXLojuMyJp2ZQrmkrH0Ad+KKtgguIAgMOfkvHSDcOPTUVKQzz9udo1EzNbJAdO\nxtbb5psK1WSTVR+px1xj4h7FhoQ5XO0shdgzl4Ssr9v8uAEQiE6d/duc9V9Ws13O\nQRJmersRyaf/bfNqQoFD2lHBjTqbpeAT6tQEuJyE2bi/nRNo6I3bom0sBAQxTqH/\nrml7FAH+JJnO11/A3klEMHqp6JQhj7C4MOLHkifllLGrcjod6MlFcSjv+wS5L004\nFSrEuNeCpIj5ApmgcnnntCSWHkn2nq+gpRLt00alfF0CgYEAxTTYm9diKwlTBVoj\nOdFrcs6siejsB4H+rHurphI1TDU/IpxLUn/q/7S2bZgHEY3JSHRF/750QbZfc4xX\n6IJo/Uyi5X2l3e7lcbIDP9P2mjxzujvN/m3dmUmlv1c1GPKjQUQ3+7NusdKrlfs9\nxceptXS0mmFvb2FEgTl2jpLuVusCgYEA58NjfTPLoMExaAiY0vWCxQMVpYdx6wZC\n83Ze+mbIQscuT5TIWKN1Dbpd+BRdCDd1WMpMc/+NsC1GwCBfNSpcbP/KTydOgJpJ\nYT2/C9W5ClvsfGu7GVTrmsg9e4V/B9PGSoZWL+H/4lBn/pkpxEgmohu+6hCCw9Wb\nwXU56eKCymMCgYEAse1eSi1oWyAMkdWj1rTGV011ivBmlNeK6iCi3DGteNbJ4fZW\nV1cmthNcTUFPj1z38LFHvtkdl3RuZpiHcDbJd1C/4IMfNkAnMA/Gsr4Rz1MfrzXq\nQ9boizdRnnOWaq3w8iAUyro386T6P1XxhBMDYb6sfGXQ3xNJdbZc64JSHIUCgYEA\nsp1282sTqBS8Sv01KoBkBAnYiPXV6detiYzUrg7AkBaJrnNv5EA1WhsjiKnI+Sgk\nnAVs3ok5XWnHeRJ5zbOT/70y4cXdTmeZ3gOEVU6liUJHA6zTSTaVTXi9SZEc0Z94\n1r6pdcWrO3PUcfcApXEltRHFFQccgGkD3RjHRWV4fxkCgYEAj0/lM1PUjQu8bCD1\njQsl0LQz91YCQTLh07K8AweCxaeN1Ef/64Q12576J68GcCYpqUmp+g8WuoXbymvF\ne3az/5wOf+9GN0oG6T8+/5+7kad5ZhRPbu4TNtRb/2aszK2By4Tzs64CHX73y7kd\nDsXeiqd2fUnvIUTdbAgG8Hddomo=\n-----END PRIVATE KEY-----\n",
            "public_key_fingerprint_md5": "92:40:95:59:00:4e:e2:15:89:c9:93:cf:db:f7:97:3d",
            "public_key_fingerprint_sha256": "SHA256:8KanlidMtzCvo716blbFG8j5cnR5wCzHZof04jCtE8k",
            "public_key_openssh": "ssh-rsa AAAAB3NzaC1yc2EAAAADAQABAAABAQCyiTNZgIcQ4/1b/yT5ghCIDL/kgqmRwFCWHVynODU/dKsCeQ4QM1HFclcgakwVvXKRjI8ss8loB/ssonbXk7YeEeh44x0IcMpeFhrtJPf3oG74vPNP68UMZsttSXg7XbBhPa3jXkA4XSC9Tv7Ar0neRYSPIJBSOl8R5xq4W/ItVpFI+RayVmLe0ER+MSEzvDVvjl2YZ5pBc6hiyyfeaJ5acpEGgmI51mdroCfcGkRECX7D/mSzK5aO0oDzk/eg/g33MDmEruybokuKn/aL1h6bwltS3Bk6Aawma9d6hM2LXElJUbfWd/EVaW34+jna7PJ4r0LAvfOphhOQzbl8Fwrh\n",
            "public_key_pem": "-----BEGIN PUBLIC KEY-----\nMIIBIjANBgkqhkiG9w0BAQEFAAOCAQ8AMIIBCgKCAQEAsokzWYCHEOP9W/8k+YIQ\niAy/5IKpkcBQlh1cpzg1P3SrAnkOEDNRxXJXIGpMFb1ykYyPLLPJaAf7LKJ215O2\nHhHoeOMdCHDKXhYa7ST396Bu+LzzT+vFDGbLbUl4O12wYT2t415AOF0gvU7+wK9J\n3kWEjyCQUjpfEecauFvyLVaRSPkWslZi3tBEfjEhM7w1b45dmGeaQXOoYssn3mie\nWnKRBoJiOdZna6An3BpERAl+w/5ksyuWjtKA85P3oP4N9zA5hK7sm6JLip/2i9Ye\nm8JbUtwZOgGsJmvXeoTNi1xJSVG31nfxFWlt+Po52uzyeK9CwL3zqYYTkM25fBcK\n4QIDAQAB\n-----END PUBLIC KEY-----\n",
            "rsa_bits": 2048
          },
          "sensitive_attributes": [
            [
              {
                "type": "get_attr",
                "value": "private_key_pem"
              }
            ],
            [
              {
                "type": "get_attr",
                "value": "private_key_openssh"
              }
            ],
            [
              {
                "type": "get_attr",
                "value": "private_key_pem_pkcs8"
              }
            ]
          ]
        }
      ]
    },
    {
      "module": "module.ec2_instance",
      "mode": "managed",
      "type": "aws_instance",
      "name": "website",
      "provider": "provider[\"registry.terraform.io/hashicorp/aws\"]",
      "instances": [
        {
          "schema_version": 1,
          "attributes": {
            "ami": "ami-04dd23e62ed049936",
            "arn": "arn:aws:ec2:us-west-2:737795138174:instance/i-0e3f8ba8ad0c80ca1",
            "associate_public_ip_address": true,
            "availability_zone": "us-west-2c",
            "capacity_reservation_specification": [
              {
                "capacity_reservation_preference": "open",
                "capacity_reservation_target": []
              }
            ],
            "cpu_core_count": 1,
            "cpu_options": [
              {
                "amd_sev_snp": "",
                "core_count": 1,
                "threads_per_core": 1
              }
            ],
            "cpu_threads_per_core": 1,
            "credit_specification": [
              {
                "cpu_credits": "standard"
              }
            ],
            "disable_api_stop": false,
            "disable_api_termination": false,
            "ebs_block_device": [],
            "ebs_optimized": false,
            "enclave_options": [
              {
                "enabled": false
              }
            ],
            "ephemeral_block_device": [],
            "get_password_data": false,
            "hibernation": false,
            "host_id": "",
            "host_resource_group_arn": null,
            "iam_instance_profile": "",
            "id": "i-0e3f8ba8ad0c80ca1",
            "instance_initiated_shutdown_behavior": "stop",
            "instance_lifecycle": "",
            "instance_market_options": [],
            "instance_state": "running",
            "instance_type": "t2.micro",
            "ipv6_address_count": 0,
            "ipv6_addresses": [],
            "key_name": "dev-key",
            "launch_template": [],
            "maintenance_options": [
              {
                "auto_recovery": "default"
              }
            ],
            "metadata_options": [
              {
                "http_endpoint": "enabled",
                "http_protocol_ipv6": "disabled",
                "http_put_response_hop_limit": 2,
                "http_tokens": "required",
                "instance_metadata_tags": "disabled"
              }
            ],
            "monitoring": false,
            "network_interface": [],
            "outpost_arn": "",
            "password_data": "",
            "placement_group": "",
            "placement_partition_number": 0,
            "primary_network_interface_id": "eni-019f4745cda819a52",
            "private_dns": "ip-10-0-1-176.us-west-2.compute.internal",
            "private_dns_name_options": [
              {
                "enable_resource_name_dns_a_record": false,
                "enable_resource_name_dns_aaaa_record": false,
                "hostname_type": "ip-name"
              }
            ],
            "private_ip": "10.0.1.176",
            "public_dns": "",
            "public_ip": "35.92.155.165",
            "root_block_device": [
              {
                "delete_on_termination": true,
                "device_name": "/dev/sda1",
                "encrypted": false,
                "iops": 3000,
                "kms_key_id": "",
                "tags": {},
                "tags_all": {},
                "throughput": 125,
                "volume_id": "vol-0293abebf5be535ec",
                "volume_size": 8,
                "volume_type": "gp3"
              }
            ],
            "secondary_private_ips": [],
            "security_groups": [
              "sg-0ec3f9b9d40c2d12f"
            ],
            "source_dest_check": true,
            "spot_instance_request_id": "",
            "subnet_id": "subnet-086700ca269d00713",
            "tags": {
              "Name": "devuser18-website-instance"
            },
            "tags_all": {
              "Name": "devuser18-website-instance"
            },
            "tenancy": "default",
            "timeouts": null,
            "user_data": "b0fbc94e713b12710ce238a823b2b454c28ca118",
            "user_data_base64": null,
            "user_data_replace_on_change": false,
            "volume_tags": null,
            "vpc_security_group_ids": [
              "sg-0ec3f9b9d40c2d12f"
            ]
          },
          "sensitive_attributes": [],
          "private": "eyJlMmJmYjczMC1lY2FhLTExZTYtOGY4OC0zNDM2M2JjN2M0YzAiOnsiY3JlYXRlIjo2MDAwMDAwMDAwMDAsImRlbGV0ZSI6MTIwMDAwMDAwMDAwMCwicmVhZCI6OTAwMDAwMDAwMDAwLCJ1cGRhdGUiOjYwMDAwMDAwMDAwMH0sInNjaGVtYV92ZXJzaW9uIjoiMSJ9",
          "dependencies": [
            "module.security_group.aws_security_group.allow_http_ssh",
            "module.vpc.aws_subnet.public",
            "module.vpc.aws_vpc.main"
          ]
        }
      ]
    },
    {
      "module": "module.security_group",
      "mode": "managed",
      "type": "aws_security_group",
      "name": "allow_http_ssh",
      "provider": "provider[\"registry.terraform.io/hashicorp/aws\"]",
      "instances": [
        {
          "schema_version": 1,
          "attributes": {
            "arn": "arn:aws:ec2:us-west-2:737795138174:security-group/sg-0ec3f9b9d40c2d12f",
            "description": "Allow HTTP and SSH access",
            "egress": [
              {
                "cidr_blocks": [
                  "0.0.0.0/0"
                ],
                "description": "",
                "from_port": 0,
                "ipv6_cidr_blocks": [],
                "prefix_list_ids": [],
                "protocol": "-1",
                "security_groups": [],
                "self": false,
                "to_port": 0
              }
            ],
            "id": "sg-0ec3f9b9d40c2d12f",
            "ingress": [
              {
                "cidr_blocks": [
                  "0.0.0.0/0"
                ],
                "description": "",
                "from_port": 22,
                "ipv6_cidr_blocks": [],
                "prefix_list_ids": [],
                "protocol": "tcp",
                "security_groups": [],
                "self": false,
                "to_port": 22
              },
              {
                "cidr_blocks": [
                  "0.0.0.0/0"
                ],
                "description": "",
                "from_port": 80,
                "ipv6_cidr_blocks": [],
                "prefix_list_ids": [],
                "protocol": "tcp",
                "security_groups": [],
                "self": false,
                "to_port": 80
              }
            ],
            "name": "devuser18-sg",
            "name_prefix": "",
            "owner_id": "737795138174",
            "revoke_rules_on_delete": false,
            "tags": {
              "Name": "devuser18-sg"
            },
            "tags_all": {
              "Name": "devuser18-sg"
            },
            "timeouts": null,
            "vpc_id": "vpc-0fedc75f03c76e5d9"
          },
          "sensitive_attributes": [],
          "private": "eyJlMmJmYjczMC1lY2FhLTExZTYtOGY4OC0zNDM2M2JjN2M0YzAiOnsiY3JlYXRlIjo2MDAwMDAwMDAwMDAsImRlbGV0ZSI6OTAwMDAwMDAwMDAwfSwic2NoZW1hX3ZlcnNpb24iOiIxIn0=",
          "dependencies": [
            "module.vpc.aws_vpc.main"
          ]
        }
      ]
    },
    {
      "module": "module.vpc",
      "mode": "managed",
      "type": "aws_subnet",
      "name": "public",
      "provider": "provider[\"registry.terraform.io/hashicorp/aws\"]",
      "instances": [
        {
          "index_key": 0,
          "schema_version": 1,
          "attributes": {
            "arn": "arn:aws:ec2:us-west-2:737795138174:subnet/subnet-086700ca269d00713",
            "assign_ipv6_address_on_creation": false,
            "availability_zone": "us-west-2c",
            "availability_zone_id": "usw2-az3",
            "cidr_block": "10.0.1.0/24",
            "customer_owned_ipv4_pool": "",
            "enable_dns64": false,
            "enable_lni_at_device_index": 0,
            "enable_resource_name_dns_a_record_on_launch": false,
            "enable_resource_name_dns_aaaa_record_on_launch": false,
            "id": "subnet-086700ca269d00713",
            "ipv6_cidr_block": "",
            "ipv6_cidr_block_association_id": "",
            "ipv6_native": false,
            "map_customer_owned_ip_on_launch": false,
            "map_public_ip_on_launch": false,
            "outpost_arn": "",
            "owner_id": "737795138174",
            "private_dns_hostname_type_on_launch": "ip-name",
            "tags": {
              "Name": "devuser18-subnet-1"
            },
            "tags_all": {
              "Name": "devuser18-subnet-1"
            },
            "timeouts": null,
            "vpc_id": "vpc-0fedc75f03c76e5d9"
          },
          "sensitive_attributes": [],
          "private": "eyJlMmJmYjczMC1lY2FhLTExZTYtOGY4OC0zNDM2M2JjN2M0YzAiOnsiY3JlYXRlIjo2MDAwMDAwMDAwMDAsImRlbGV0ZSI6MTIwMDAwMDAwMDAwMH0sInNjaGVtYV92ZXJzaW9uIjoiMSJ9",
          "dependencies": [
            "module.vpc.aws_vpc.main"
          ]
        },
        {
          "index_key": 1,
          "schema_version": 1,
          "attributes": {
            "arn": "arn:aws:ec2:us-west-2:737795138174:subnet/subnet-038d85aa96e7248e9",
            "assign_ipv6_address_on_creation": false,
            "availability_zone": "us-west-2b",
            "availability_zone_id": "usw2-az1",
            "cidr_block": "10.0.2.0/24",
            "customer_owned_ipv4_pool": "",
            "enable_dns64": false,
            "enable_lni_at_device_index": 0,
            "enable_resource_name_dns_a_record_on_launch": false,
            "enable_resource_name_dns_aaaa_record_on_launch": false,
            "id": "subnet-038d85aa96e7248e9",
            "ipv6_cidr_block": "",
            "ipv6_cidr_block_association_id": "",
            "ipv6_native": false,
            "map_customer_owned_ip_on_launch": false,
            "map_public_ip_on_launch": false,
            "outpost_arn": "",
            "owner_id": "737795138174",
            "private_dns_hostname_type_on_launch": "ip-name",
            "tags": {
              "Name": "devuser18-subnet-2"
            },
            "tags_all": {
              "Name": "devuser18-subnet-2"
            },
            "timeouts": null,
            "vpc_id": "vpc-0fedc75f03c76e5d9"
          },
          "sensitive_attributes": [],
          "private": "eyJlMmJmYjczMC1lY2FhLTExZTYtOGY4OC0zNDM2M2JjN2M0YzAiOnsiY3JlYXRlIjo2MDAwMDAwMDAwMDAsImRlbGV0ZSI6MTIwMDAwMDAwMDAwMH0sInNjaGVtYV92ZXJzaW9uIjoiMSJ9",
          "dependencies": [
            "module.vpc.aws_vpc.main"
          ]
        }
      ]
    },
    {
      "module": "module.vpc",
      "mode": "managed",
      "type": "aws_vpc",
      "name": "main",
      "provider": "provider[\"registry.terraform.io/hashicorp/aws\"]",
      "instances": [
        {
          "schema_version": 1,
          "attributes": {
            "arn": "arn:aws:ec2:us-west-2:737795138174:vpc/vpc-0fedc75f03c76e5d9",
            "assign_generated_ipv6_cidr_block": false,
            "cidr_block": "10.0.0.0/16",
            "default_network_acl_id": "acl-0fb9a9f8bcb0faa33",
            "default_route_table_id": "rtb-020424c8f861b0b94",
            "default_security_group_id": "sg-0d5a56956e379fb34",
            "dhcp_options_id": "dopt-fa39a082",
            "enable_dns_hostnames": false,
            "enable_dns_support": true,
            "enable_network_address_usage_metrics": false,
            "id": "vpc-0fedc75f03c76e5d9",
            "instance_tenancy": "default",
            "ipv4_ipam_pool_id": null,
            "ipv4_netmask_length": null,
            "ipv6_association_id": "",
            "ipv6_cidr_block": "",
            "ipv6_cidr_block_network_border_group": "",
            "ipv6_ipam_pool_id": "",
            "ipv6_netmask_length": 0,
            "main_route_table_id": "rtb-020424c8f861b0b94",
            "owner_id": "737795138174",
            "tags": {
              "Name": "devuser18-vpc"
            },
            "tags_all": {
              "Name": "devuser18-vpc"
            }
          },
          "sensitive_attributes": [],
          "private": "eyJzY2hlbWFfdmVyc2lvbiI6IjEifQ=="
        }
      ]
    }
  ],
  "check_results": null
}
