{
  "version": 4,
  "terraform_version": "1.9.8",
  "serial": 27,
  "lineage": "2622382f-51f5-98bb-6bc4-8c1608814932",
  "outputs": {
    "private_key_path": {
      "value": "ec2-tstuser18-key.pem",
      "type": "string"
    },
    "security_group_id": {
      "value": "sg-0f169cd4df2ace835",
      "type": "string"
    },
    "vpc_id": {
      "value": "vpc-0d82f7de02aae4d02",
      "type": "string"
    }
  },
  "resources": [
    {
      "mode": "managed",
      "type": "aws_key_pair",
      "name": "ssh_key_pair",
      "provider": "provider[\"registry.terraform.io/hashicorp/aws\"]",
      "instances": [
        {
          "schema_version": 1,
          "attributes": {
            "arn": "arn:aws:ec2:us-west-2:737795138174:key-pair/tst-key",
            "fingerprint": "fd:44:f7:ef:e9:24:a9:ff:2b:b0:c0:07:2f:9e:6e:30",
            "id": "tst-key",
            "key_name": "tst-key",
            "key_name_prefix": "",
            "key_pair_id": "key-0a21274b4331e5441",
            "key_type": "rsa",
            "public_key": "ssh-rsa AAAAB3NzaC1yc2EAAAADAQABAAABAQDCNNrLpW9cYmBaC6ojDMwb1CE3RH3B9L3B/5KrKKNmc/2c0awdv2L19LrkN0qW1LjiFe4JxA45CVG+YBxXu+m7FGOWAqhVZiE2hV39XP36Fl7Zj06WA0el2yvKWm3P6NExZUiCzFnYpfiWUr01KKgp2kNVYW25v1NhMk4o9+tMFI3HK8wKyAzWMx2fyOAMhzwPNAagjUP27UKTGPYait3YI4j9Y8n05rvCaRmBf/hoYG45dQeUWDz24CeqzIqrnb3N/LFWryuO7XpN01HBUl6Xx1XX3OMaAE2emCEPNl1LWS9gZtnQl3WyY1ZT9escsA9d8a/MFPhQhcEgi9lwu9oP",
            "tags": null,
            "tags_all": {}
          },
          "sensitive_attributes": [],
          "private": "eyJzY2hlbWFfdmVyc2lvbiI6IjEifQ==",
          "dependencies": [
            "tls_private_key.ssh_key"
          ]
        }
      ]
    },
    {
      "mode": "managed",
      "type": "local_file",
      "name": "private_key",
      "provider": "provider[\"registry.terraform.io/hashicorp/local\"]",
      "instances": [
        {
          "schema_version": 0,
          "attributes": {
            "content": "-----BEGIN RSA PRIVATE KEY-----\nMIIEpAIBAAKCAQEAwjTay6VvXGJgWguqIwzMG9QhN0R9wfS9wf+SqyijZnP9nNGs\nHb9i9fS65DdKltS44hXuCcQOOQlRvmAcV7vpuxRjlgKoVWYhNoVd/Vz9+hZe2Y9O\nlgNHpdsrylptz+jRMWVIgsxZ2KX4llK9NSioKdpDVWFtub9TYTJOKPfrTBSNxyvM\nCsgM1jMdn8jgDIc8DzQGoI1D9u1Ckxj2Gord2COI/WPJ9Oa7wmkZgX/4aGBuOXUH\nlFg89uAnqsyKq529zfyxVq8rju16TdNRwVJel8dV19zjGgBNnpghDzZdS1kvYGbZ\n0Jd1smNWU/XrHLAPXfGvzBT4UIXBIIvZcLvaDwIDAQABAoIBAAGUVncziD1TG39/\n+slAMGTFi+OcLf2m1OhAANxdfz61EMn2tpSjWtWvQNncTUH+xuYn0YDI1GjIV57Z\nv0FDaPo5hznQGbhgFUMRQJtv5yzig7D3RmdX7Xw+1RNXOu9m8FSbg0R1DwIBD42B\nbMKC6yM0ADowiajqEm6G7zXMFmDPAlXi0nh8eRLkXZCajuKkGD8S01lQehEYepbu\nvSVAowkZMracdQru4erz5mRNlavn8coC2aJ+FLve2cJjNqOpuI8wV2zSeAdEfXEG\nArKZkjZFUikuzb8CMRMwSzA2HTzqxxduT8JiDthSplfEvtwT40ZY2s00UJrcUiSy\nglsE/BkCgYEAx15OlYss6ienrg4uL9ZBNP3nRVnL77NKBwK78NmsR43F9TR5px44\naESMJcSkYvKHtEOSQQ0yx3HF9al5NLewTuQnc0L5LD3pczK087aor7Ooy3mUfPqN\nwPLZO2OgnL70hcqoUGTfjudE119ullWngMywUkUTF8u5LMKxkSv5Nu0CgYEA+V8u\nsU6kePXl/juSSc/6rLC5lIqPrNhEw8WE2RHnkw43PmIMZ1WEIZ6cbSf52t5BlAnA\nXS13e06MNErTFSvzFw/TBsONPlzGNXLL48CRRzjgX9wjcy5d20HnD7Gu/gMFFByD\n2UwbNtIWAtY6LnA4aumRgQqNvGl1KbsyodSv2WsCgYA/nm9zNvs5KThPyYShjTw3\nncIcFkCGl+7Kd+vjOoLIPoxp57neQz16wEz8jFhsnroBIwLbsUt/62VhNBhSYz9m\nnVWdaUS8AnGpagfmMWZ40trNO1nP2+A6LwR0+CC7hA/hVb8KEHZqUpBcLb7LSD/w\nUOD/D728/Sx1BRfGnIKlLQKBgQCT3E8oTNQS8OK1cwcTgyFEgekX3WzBdN6ZIiXa\nO9aOiHBTKfnmz3rwIEbqJjjtALnrmDiaRxpAX9ucKf2s4QlbVEOxEARQxNu112Jz\nobvCekP4MuRGKGj4V8Q0twtmi83YFexLzOeaAsmQVwvaeynIosNmuyY9YF5bJycn\nc5/tDwKBgQDDjLIvHCNhbJ3xSOR0ePrvRLYNph2GichaCsRwQdcsybEz+Qozj7bx\n4/IexRdvkQjRNmRH2CHvF55032Gx8b+eJ9V5dAFu3pxdx6eiSm9PT5MeOBrtBiNj\nxWeGGyQSCFPIQbPUDkb5v6PFdk0XVZWGcZGb01ug5MYXdwGeTCAunA==\n-----END RSA PRIVATE KEY-----\n",
            "content_base64": null,
            "content_base64sha256": "+ObVIv9u5M3YD6eCp3UGybvzepdTbT3wPNcGESh1FL4=",
            "content_base64sha512": "8Dx/3Y8Iz0AnT2rVufHmebNsH31rm+s7cmj0OFf/WYtNgPQkJ57yeVwfRh4kxkwi+z4+LsLYkowOTMUb9annAA==",
            "content_md5": "27118ca869d3068cfaed8fe85cae9998",
            "content_sha1": "1635859ee4b934bb5ab20bd77bd7e59f6ca97053",
            "content_sha256": "f8e6d522ff6ee4cdd80fa782a77506c9bbf37a97536d3df03cd70611287514be",
            "content_sha512": "f03c7fdd8f08cf40274f6ad5b9f1e679b36c1f7d6b9beb3b7268f43857ff598b4d80f424279ef2795c1f461e24c64c22fb3e3e2ec2d8928c0e4cc51bf5a9e700",
            "directory_permission": "0777",
            "file_permission": "0400",
            "filename": "ec2-tstuser18-key.pem",
            "id": "1635859ee4b934bb5ab20bd77bd7e59f6ca97053",
            "sensitive_content": null,
            "source": null
          },
          "sensitive_attributes": [
            [
              {
                "type": "get_attr",
                "value": "content"
              }
            ],
            [
              {
                "type": "get_attr",
                "value": "sensitive_content"
              }
            ]
          ],
          "dependencies": [
            "tls_private_key.ssh_key"
          ]
        }
      ]
    },
    {
      "mode": "managed",
      "type": "tls_private_key",
      "name": "ssh_key",
      "provider": "provider[\"registry.terraform.io/hashicorp/tls\"]",
      "instances": [
        {
          "schema_version": 1,
          "attributes": {
            "algorithm": "RSA",
            "ecdsa_curve": "P224",
            "id": "affeeb9c39cb9697d27826480ba93e5f54c23829",
            "private_key_openssh": "-----BEGIN OPENSSH PRIVATE KEY-----\nb3BlbnNzaC1rZXktdjEAAAAABG5vbmUAAAAEbm9uZQAAAAAAAAABAAABFwAAAAdz\nc2gtcnNhAAAAAwEAAQAAAQEAwjTay6VvXGJgWguqIwzMG9QhN0R9wfS9wf+Sqyij\nZnP9nNGsHb9i9fS65DdKltS44hXuCcQOOQlRvmAcV7vpuxRjlgKoVWYhNoVd/Vz9\n+hZe2Y9OlgNHpdsrylptz+jRMWVIgsxZ2KX4llK9NSioKdpDVWFtub9TYTJOKPfr\nTBSNxyvMCsgM1jMdn8jgDIc8DzQGoI1D9u1Ckxj2Gord2COI/WPJ9Oa7wmkZgX/4\naGBuOXUHlFg89uAnqsyKq529zfyxVq8rju16TdNRwVJel8dV19zjGgBNnpghDzZd\nS1kvYGbZ0Jd1smNWU/XrHLAPXfGvzBT4UIXBIIvZcLvaDwAAA7hx9WGTcfVhkwAA\nAAdzc2gtcnNhAAABAQDCNNrLpW9cYmBaC6ojDMwb1CE3RH3B9L3B/5KrKKNmc/2c\n0awdv2L19LrkN0qW1LjiFe4JxA45CVG+YBxXu+m7FGOWAqhVZiE2hV39XP36Fl7Z\nj06WA0el2yvKWm3P6NExZUiCzFnYpfiWUr01KKgp2kNVYW25v1NhMk4o9+tMFI3H\nK8wKyAzWMx2fyOAMhzwPNAagjUP27UKTGPYait3YI4j9Y8n05rvCaRmBf/hoYG45\ndQeUWDz24CeqzIqrnb3N/LFWryuO7XpN01HBUl6Xx1XX3OMaAE2emCEPNl1LWS9g\nZtnQl3WyY1ZT9escsA9d8a/MFPhQhcEgi9lwu9oPAAAAAwEAAQAAAQABlFZ3M4g9\nUxt/f/rJQDBkxYvjnC39ptToQADcXX8+tRDJ9raUo1rVr0DZ3E1B/sbmJ9GAyNRo\nyFee2b9BQ2j6OYc50Bm4YBVDEUCbb+cs4oOw90ZnV+18PtUTVzrvZvBUm4NEdQ8C\nAQ+NgWzCgusjNAA6MImo6hJuhu81zBZgzwJV4tJ4fHkS5F2Qmo7ipBg/EtNZUHoR\nGHqW7r0lQKMJGTK2nHUK7uHq8+ZkTZWr5/HKAtmifhS73tnCYzajqbiPMFds0ngH\nRH1xBgKymZI2RVIpLs2/AjETMEswNh086scXbk/CYg7YUqZXxL7cE+NGWNrNNFCa\n3FIksoJbBPwZAAAAgQDDjLIvHCNhbJ3xSOR0ePrvRLYNph2GichaCsRwQdcsybEz\n+Qozj7bx4/IexRdvkQjRNmRH2CHvF55032Gx8b+eJ9V5dAFu3pxdx6eiSm9PT5Me\nOBrtBiNjxWeGGyQSCFPIQbPUDkb5v6PFdk0XVZWGcZGb01ug5MYXdwGeTCAunAAA\nAIEAx15OlYss6ienrg4uL9ZBNP3nRVnL77NKBwK78NmsR43F9TR5px44aESMJcSk\nYvKHtEOSQQ0yx3HF9al5NLewTuQnc0L5LD3pczK087aor7Ooy3mUfPqNwPLZO2Og\nnL70hcqoUGTfjudE119ullWngMywUkUTF8u5LMKxkSv5Nu0AAACBAPlfLrFOpHj1\n5f47kknP+qywuZSKj6zYRMPFhNkR55MONz5iDGdVhCGenG0n+dreQZQJwF0td3tO\njDRK0xUr8xcP0wbDjT5cxjVyy+PAkUc44F/cI3MuXdtB5w+xrv4DBRQcg9lMGzbS\nFgLWOi5wOGrpkYEKjbxpdSm7MqHUr9lrAAAAAAEC\n-----END OPENSSH PRIVATE KEY-----\n",
            "private_key_pem": "-----BEGIN RSA PRIVATE KEY-----\nMIIEpAIBAAKCAQEAwjTay6VvXGJgWguqIwzMG9QhN0R9wfS9wf+SqyijZnP9nNGs\nHb9i9fS65DdKltS44hXuCcQOOQlRvmAcV7vpuxRjlgKoVWYhNoVd/Vz9+hZe2Y9O\nlgNHpdsrylptz+jRMWVIgsxZ2KX4llK9NSioKdpDVWFtub9TYTJOKPfrTBSNxyvM\nCsgM1jMdn8jgDIc8DzQGoI1D9u1Ckxj2Gord2COI/WPJ9Oa7wmkZgX/4aGBuOXUH\nlFg89uAnqsyKq529zfyxVq8rju16TdNRwVJel8dV19zjGgBNnpghDzZdS1kvYGbZ\n0Jd1smNWU/XrHLAPXfGvzBT4UIXBIIvZcLvaDwIDAQABAoIBAAGUVncziD1TG39/\n+slAMGTFi+OcLf2m1OhAANxdfz61EMn2tpSjWtWvQNncTUH+xuYn0YDI1GjIV57Z\nv0FDaPo5hznQGbhgFUMRQJtv5yzig7D3RmdX7Xw+1RNXOu9m8FSbg0R1DwIBD42B\nbMKC6yM0ADowiajqEm6G7zXMFmDPAlXi0nh8eRLkXZCajuKkGD8S01lQehEYepbu\nvSVAowkZMracdQru4erz5mRNlavn8coC2aJ+FLve2cJjNqOpuI8wV2zSeAdEfXEG\nArKZkjZFUikuzb8CMRMwSzA2HTzqxxduT8JiDthSplfEvtwT40ZY2s00UJrcUiSy\nglsE/BkCgYEAx15OlYss6ienrg4uL9ZBNP3nRVnL77NKBwK78NmsR43F9TR5px44\naESMJcSkYvKHtEOSQQ0yx3HF9al5NLewTuQnc0L5LD3pczK087aor7Ooy3mUfPqN\nwPLZO2OgnL70hcqoUGTfjudE119ullWngMywUkUTF8u5LMKxkSv5Nu0CgYEA+V8u\nsU6kePXl/juSSc/6rLC5lIqPrNhEw8WE2RHnkw43PmIMZ1WEIZ6cbSf52t5BlAnA\nXS13e06MNErTFSvzFw/TBsONPlzGNXLL48CRRzjgX9wjcy5d20HnD7Gu/gMFFByD\n2UwbNtIWAtY6LnA4aumRgQqNvGl1KbsyodSv2WsCgYA/nm9zNvs5KThPyYShjTw3\nncIcFkCGl+7Kd+vjOoLIPoxp57neQz16wEz8jFhsnroBIwLbsUt/62VhNBhSYz9m\nnVWdaUS8AnGpagfmMWZ40trNO1nP2+A6LwR0+CC7hA/hVb8KEHZqUpBcLb7LSD/w\nUOD/D728/Sx1BRfGnIKlLQKBgQCT3E8oTNQS8OK1cwcTgyFEgekX3WzBdN6ZIiXa\nO9aOiHBTKfnmz3rwIEbqJjjtALnrmDiaRxpAX9ucKf2s4QlbVEOxEARQxNu112Jz\nobvCekP4MuRGKGj4V8Q0twtmi83YFexLzOeaAsmQVwvaeynIosNmuyY9YF5bJycn\nc5/tDwKBgQDDjLIvHCNhbJ3xSOR0ePrvRLYNph2GichaCsRwQdcsybEz+Qozj7bx\n4/IexRdvkQjRNmRH2CHvF55032Gx8b+eJ9V5dAFu3pxdx6eiSm9PT5MeOBrtBiNj\nxWeGGyQSCFPIQbPUDkb5v6PFdk0XVZWGcZGb01ug5MYXdwGeTCAunA==\n-----END RSA PRIVATE KEY-----\n",
            "private_key_pem_pkcs8": "-----BEGIN PRIVATE KEY-----\nMIIEvgIBADANBgkqhkiG9w0BAQEFAASCBKgwggSkAgEAAoIBAQDCNNrLpW9cYmBa\nC6ojDMwb1CE3RH3B9L3B/5KrKKNmc/2c0awdv2L19LrkN0qW1LjiFe4JxA45CVG+\nYBxXu+m7FGOWAqhVZiE2hV39XP36Fl7Zj06WA0el2yvKWm3P6NExZUiCzFnYpfiW\nUr01KKgp2kNVYW25v1NhMk4o9+tMFI3HK8wKyAzWMx2fyOAMhzwPNAagjUP27UKT\nGPYait3YI4j9Y8n05rvCaRmBf/hoYG45dQeUWDz24CeqzIqrnb3N/LFWryuO7XpN\n01HBUl6Xx1XX3OMaAE2emCEPNl1LWS9gZtnQl3WyY1ZT9escsA9d8a/MFPhQhcEg\ni9lwu9oPAgMBAAECggEAAZRWdzOIPVMbf3/6yUAwZMWL45wt/abU6EAA3F1/PrUQ\nyfa2lKNa1a9A2dxNQf7G5ifRgMjUaMhXntm/QUNo+jmHOdAZuGAVQxFAm2/nLOKD\nsPdGZ1ftfD7VE1c672bwVJuDRHUPAgEPjYFswoLrIzQAOjCJqOoSbobvNcwWYM8C\nVeLSeHx5EuRdkJqO4qQYPxLTWVB6ERh6lu69JUCjCRkytpx1Cu7h6vPmZE2Vq+fx\nygLZon4Uu97ZwmM2o6m4jzBXbNJ4B0R9cQYCspmSNkVSKS7NvwIxEzBLMDYdPOrH\nF25PwmIO2FKmV8S+3BPjRljazTRQmtxSJLKCWwT8GQKBgQDHXk6ViyzqJ6euDi4v\n1kE0/edFWcvvs0oHArvw2axHjcX1NHmnHjhoRIwlxKRi8oe0Q5JBDTLHccX1qXk0\nt7BO5CdzQvksPelzMrTztqivs6jLeZR8+o3A8tk7Y6CcvvSFyqhQZN+O50TXX26W\nVaeAzLBSRRMXy7kswrGRK/k27QKBgQD5Xy6xTqR49eX+O5JJz/qssLmUio+s2ETD\nxYTZEeeTDjc+YgxnVYQhnpxtJ/na3kGUCcBdLXd7Tow0StMVK/MXD9MGw40+XMY1\ncsvjwJFHOOBf3CNzLl3bQecPsa7+AwUUHIPZTBs20hYC1joucDhq6ZGBCo28aXUp\nuzKh1K/ZawKBgD+eb3M2+zkpOE/JhKGNPDedwhwWQIaX7sp36+M6gsg+jGnnud5D\nPXrATPyMWGyeugEjAtuxS3/rZWE0GFJjP2adVZ1pRLwCcalqB+YxZnjS2s07Wc/b\n4DovBHT4ILuED+FVvwoQdmpSkFwtvstIP/BQ4P8Pvbz9LHUFF8acgqUtAoGBAJPc\nTyhM1BLw4rVzBxODIUSB6RfdbMF03pkiJdo71o6IcFMp+ebPevAgRuomOO0AueuY\nOJpHGkBf25wp/azhCVtUQ7EQBFDE27XXYnOhu8J6Q/gy5EYoaPhXxDS3C2aLzdgV\n7EvM55oCyZBXC9p7Kciiw2a7Jj1gXlsnJydzn+0PAoGBAMOMsi8cI2FsnfFI5HR4\n+u9Etg2mHYaJyFoKxHBB1yzJsTP5CjOPtvHj8h7FF2+RCNE2ZEfYIe8XnnTfYbHx\nv54n1Xl0AW7enF3Hp6JKb09Pkx44Gu0GI2PFZ4YbJBIIU8hBs9QORvm/o8V2TRdV\nlYZxkZvTW6Dkxhd3AZ5MIC6c\n-----END PRIVATE KEY-----\n",
            "public_key_fingerprint_md5": "13:11:25:e2:be:a5:c1:be:31:5d:ac:06:28:56:04:a8",
            "public_key_fingerprint_sha256": "SHA256:XMT/AyKJeWn6n/L15eZqbD8P5A+BzCNpdnGP9LWiBg0",
            "public_key_openssh": "ssh-rsa AAAAB3NzaC1yc2EAAAADAQABAAABAQDCNNrLpW9cYmBaC6ojDMwb1CE3RH3B9L3B/5KrKKNmc/2c0awdv2L19LrkN0qW1LjiFe4JxA45CVG+YBxXu+m7FGOWAqhVZiE2hV39XP36Fl7Zj06WA0el2yvKWm3P6NExZUiCzFnYpfiWUr01KKgp2kNVYW25v1NhMk4o9+tMFI3HK8wKyAzWMx2fyOAMhzwPNAagjUP27UKTGPYait3YI4j9Y8n05rvCaRmBf/hoYG45dQeUWDz24CeqzIqrnb3N/LFWryuO7XpN01HBUl6Xx1XX3OMaAE2emCEPNl1LWS9gZtnQl3WyY1ZT9escsA9d8a/MFPhQhcEgi9lwu9oP\n",
            "public_key_pem": "-----BEGIN PUBLIC KEY-----\nMIIBIjANBgkqhkiG9w0BAQEFAAOCAQ8AMIIBCgKCAQEAwjTay6VvXGJgWguqIwzM\nG9QhN0R9wfS9wf+SqyijZnP9nNGsHb9i9fS65DdKltS44hXuCcQOOQlRvmAcV7vp\nuxRjlgKoVWYhNoVd/Vz9+hZe2Y9OlgNHpdsrylptz+jRMWVIgsxZ2KX4llK9NSio\nKdpDVWFtub9TYTJOKPfrTBSNxyvMCsgM1jMdn8jgDIc8DzQGoI1D9u1Ckxj2Gord\n2COI/WPJ9Oa7wmkZgX/4aGBuOXUHlFg89uAnqsyKq529zfyxVq8rju16TdNRwVJe\nl8dV19zjGgBNnpghDzZdS1kvYGbZ0Jd1smNWU/XrHLAPXfGvzBT4UIXBIIvZcLva\nDwIDAQAB\n-----END PUBLIC KEY-----\n",
            "rsa_bits": 2048
          },
          "sensitive_attributes": [
            [
              {
                "type": "get_attr",
                "value": "private_key_pem"
              }
            ],
            [
              {
                "type": "get_attr",
                "value": "private_key_pem_pkcs8"
              }
            ],
            [
              {
                "type": "get_attr",
                "value": "private_key_openssh"
              }
            ]
          ]
        }
      ]
    },
    {
      "module": "module.security_group",
      "mode": "managed",
      "type": "aws_security_group",
      "name": "allow_http_ssh",
      "provider": "provider[\"registry.terraform.io/hashicorp/aws\"]",
      "instances": [
        {
          "schema_version": 1,
          "attributes": {
            "arn": "arn:aws:ec2:us-west-2:737795138174:security-group/sg-0f169cd4df2ace835",
            "description": "Allow HTTP and SSH access",
            "egress": [
              {
                "cidr_blocks": [
                  "0.0.0.0/0"
                ],
                "description": "",
                "from_port": 0,
                "ipv6_cidr_blocks": [],
                "prefix_list_ids": [],
                "protocol": "-1",
                "security_groups": [],
                "self": false,
                "to_port": 0
              }
            ],
            "id": "sg-0f169cd4df2ace835",
            "ingress": [
              {
                "cidr_blocks": [
                  "0.0.0.0/0"
                ],
                "description": "",
                "from_port": 22,
                "ipv6_cidr_blocks": [],
                "prefix_list_ids": [],
                "protocol": "tcp",
                "security_groups": [],
                "self": false,
                "to_port": 22
              },
              {
                "cidr_blocks": [
                  "0.0.0.0/0"
                ],
                "description": "",
                "from_port": 80,
                "ipv6_cidr_blocks": [],
                "prefix_list_ids": [],
                "protocol": "tcp",
                "security_groups": [],
                "self": false,
                "to_port": 80
              }
            ],
            "name": "tstuser18-sg",
            "name_prefix": "",
            "owner_id": "737795138174",
            "revoke_rules_on_delete": false,
            "tags": {
              "Name": "tstuser18-sg"
            },
            "tags_all": {
              "Name": "tstuser18-sg"
            },
            "timeouts": null,
            "vpc_id": "vpc-0d82f7de02aae4d02"
          },
          "sensitive_attributes": [],
          "private": "eyJlMmJmYjczMC1lY2FhLTExZTYtOGY4OC0zNDM2M2JjN2M0YzAiOnsiY3JlYXRlIjo2MDAwMDAwMDAwMDAsImRlbGV0ZSI6OTAwMDAwMDAwMDAwfSwic2NoZW1hX3ZlcnNpb24iOiIxIn0=",
          "dependencies": [
            "module.vpc.aws_vpc.main"
          ]
        }
      ]
    },
    {
      "module": "module.vpc",
      "mode": "managed",
      "type": "aws_subnet",
      "name": "public",
      "provider": "provider[\"registry.terraform.io/hashicorp/aws\"]",
      "instances": [
        {
          "index_key": 0,
          "schema_version": 1,
          "attributes": {
            "arn": "arn:aws:ec2:us-west-2:737795138174:subnet/subnet-0380ea446c0f4e33e",
            "assign_ipv6_address_on_creation": false,
            "availability_zone": "us-west-2d",
            "availability_zone_id": "usw2-az4",
            "cidr_block": "10.0.1.0/24",
            "customer_owned_ipv4_pool": "",
            "enable_dns64": false,
            "enable_lni_at_device_index": 0,
            "enable_resource_name_dns_a_record_on_launch": false,
            "enable_resource_name_dns_aaaa_record_on_launch": false,
            "id": "subnet-0380ea446c0f4e33e",
            "ipv6_cidr_block": "",
            "ipv6_cidr_block_association_id": "",
            "ipv6_native": false,
            "map_customer_owned_ip_on_launch": false,
            "map_public_ip_on_launch": false,
            "outpost_arn": "",
            "owner_id": "737795138174",
            "private_dns_hostname_type_on_launch": "ip-name",
            "tags": {
              "Name": "tstuser18-subnet-1"
            },
            "tags_all": {
              "Name": "tstuser18-subnet-1"
            },
            "timeouts": null,
            "vpc_id": "vpc-0d82f7de02aae4d02"
          },
          "sensitive_attributes": [],
          "private": "eyJlMmJmYjczMC1lY2FhLTExZTYtOGY4OC0zNDM2M2JjN2M0YzAiOnsiY3JlYXRlIjo2MDAwMDAwMDAwMDAsImRlbGV0ZSI6MTIwMDAwMDAwMDAwMH0sInNjaGVtYV92ZXJzaW9uIjoiMSJ9",
          "dependencies": [
            "module.vpc.aws_vpc.main"
          ]
        },
        {
          "index_key": 1,
          "schema_version": 1,
          "attributes": {
            "arn": "arn:aws:ec2:us-west-2:737795138174:subnet/subnet-04165163640b62cbf",
            "assign_ipv6_address_on_creation": false,
            "availability_zone": "us-west-2d",
            "availability_zone_id": "usw2-az4",
            "cidr_block": "10.0.2.0/24",
            "customer_owned_ipv4_pool": "",
            "enable_dns64": false,
            "enable_lni_at_device_index": 0,
            "enable_resource_name_dns_a_record_on_launch": false,
            "enable_resource_name_dns_aaaa_record_on_launch": false,
            "id": "subnet-04165163640b62cbf",
            "ipv6_cidr_block": "",
            "ipv6_cidr_block_association_id": "",
            "ipv6_native": false,
            "map_customer_owned_ip_on_launch": false,
            "map_public_ip_on_launch": false,
            "outpost_arn": "",
            "owner_id": "737795138174",
            "private_dns_hostname_type_on_launch": "ip-name",
            "tags": {
              "Name": "tstuser18-subnet-2"
            },
            "tags_all": {
              "Name": "tstuser18-subnet-2"
            },
            "timeouts": null,
            "vpc_id": "vpc-0d82f7de02aae4d02"
          },
          "sensitive_attributes": [],
          "private": "eyJlMmJmYjczMC1lY2FhLTExZTYtOGY4OC0zNDM2M2JjN2M0YzAiOnsiY3JlYXRlIjo2MDAwMDAwMDAwMDAsImRlbGV0ZSI6MTIwMDAwMDAwMDAwMH0sInNjaGVtYV92ZXJzaW9uIjoiMSJ9",
          "dependencies": [
            "module.vpc.aws_vpc.main"
          ]
        }
      ]
    },
    {
      "module": "module.vpc",
      "mode": "managed",
      "type": "aws_vpc",
      "name": "main",
      "provider": "provider[\"registry.terraform.io/hashicorp/aws\"]",
      "instances": [
        {
          "schema_version": 1,
          "attributes": {
            "arn": "arn:aws:ec2:us-west-2:737795138174:vpc/vpc-0d82f7de02aae4d02",
            "assign_generated_ipv6_cidr_block": false,
            "cidr_block": "10.0.0.0/16",
            "default_network_acl_id": "acl-0bd57e265b5049976",
            "default_route_table_id": "rtb-0c20df8f41369f01d",
            "default_security_group_id": "sg-02002908d9f2f8034",
            "dhcp_options_id": "dopt-fa39a082",
            "enable_dns_hostnames": false,
            "enable_dns_support": true,
            "enable_network_address_usage_metrics": false,
            "id": "vpc-0d82f7de02aae4d02",
            "instance_tenancy": "default",
            "ipv4_ipam_pool_id": null,
            "ipv4_netmask_length": null,
            "ipv6_association_id": "",
            "ipv6_cidr_block": "",
            "ipv6_cidr_block_network_border_group": "",
            "ipv6_ipam_pool_id": "",
            "ipv6_netmask_length": 0,
            "main_route_table_id": "rtb-0c20df8f41369f01d",
            "owner_id": "737795138174",
            "tags": {
              "Name": "tstuser18-vpc"
            },
            "tags_all": {
              "Name": "tstuser18-vpc"
            }
          },
          "sensitive_attributes": [],
          "private": "eyJzY2hlbWFfdmVyc2lvbiI6IjEifQ=="
        }
      ]
    }
  ],
  "check_results": null
}
