{
  "version": 4,
  "terraform_version": "1.9.8",
  "serial": 9,
  "lineage": "0e11ffca-683b-bc46-ac45-b11225348846",
  "outputs": {
    "private_key_path": {
      "value": "ec2-produser18-key.pem",
      "type": "string"
    },
    "security_group_id": {
      "value": "sg-07d7732da36cbc4c9",
      "type": "string"
    },
    "vpc_id": {
      "value": "vpc-0f8f130d8790cc237",
      "type": "string"
    }
  },
  "resources": [
    {
      "mode": "managed",
      "type": "aws_key_pair",
      "name": "ssh_key_pair",
      "provider": "provider[\"registry.terraform.io/hashicorp/aws\"]",
      "instances": [
        {
          "schema_version": 1,
          "attributes": {
            "arn": "arn:aws:ec2:us-west-2:737795138174:key-pair/prod-key",
            "fingerprint": "52:79:43:8e:0b:26:4b:c0:99:2d:fd:88:b1:4b:58:14",
            "id": "prod-key",
            "key_name": "prod-key",
            "key_name_prefix": "",
            "key_pair_id": "key-0f0fb850ae797681e",
            "key_type": "rsa",
            "public_key": "ssh-rsa AAAAB3NzaC1yc2EAAAADAQABAAABAQDdKzRk5qUGOracFoTz+hE+tPTBqUR9IvpgWJR8wYvmivh+h/cXrysicfn4AMk7PrDF5/KiCR897wr/joERpd9GxTSVuo6foGnK/6A0i8UjKM/N1DqHCuzsutBU9m2kxfjU4s655C5Q8M6W3vID07zqgKYmhK6UEdnu/+9X3PS6M+uATCnJF3N3fFcG05prA/P7seTtHeUHafJ5qEYfxx4QOqCJ5L+LDleDw94pULaDZTf6bA08gcle+5nCD6xpWnSQzwvqCaxdPrgEo54beH3H8gr9xSKps1Si+TNwWXZzB2OVlGUjbETW5QCeo7FV6eBouhIy8Erg36fvsf1Xv7J9",
            "tags": null,
            "tags_all": {}
          },
          "sensitive_attributes": [],
          "private": "eyJzY2hlbWFfdmVyc2lvbiI6IjEifQ==",
          "dependencies": [
            "tls_private_key.ssh_key"
          ]
        }
      ]
    },
    {
      "mode": "managed",
      "type": "local_file",
      "name": "private_key",
      "provider": "provider[\"registry.terraform.io/hashicorp/local\"]",
      "instances": [
        {
          "schema_version": 0,
          "attributes": {
            "content": "-----BEGIN RSA PRIVATE KEY-----\nMIIEpAIBAAKCAQEA3Ss0ZOalBjq2nBaE8/oRPrT0walEfSL6YFiUfMGL5or4fof3\nF68rInH5+ADJOz6wxefyogkfPe8K/46BEaXfRsU0lbqOn6Bpyv+gNIvFIyjPzdQ6\nhwrs7LrQVPZtpMX41OLOueQuUPDOlt7yA9O86oCmJoSulBHZ7v/vV9z0ujPrgEwp\nyRdzd3xXBtOaawPz+7Hk7R3lB2nyeahGH8ceEDqgieS/iw5Xg8PeKVC2g2U3+mwN\nPIHJXvuZwg+saVp0kM8L6gmsXT64BKOeG3h9x/IK/cUiqbNUovkzcFl2cwdjlZRl\nI2xE1uUAnqOxVengaLoSMvBK4N+n77H9V7+yfQIDAQABAoIBACCGiBAGs2I1JEHU\nNf1DW2HjbtNEN2RHzpZ4sG2gcRiYe27wQ/BhvHA2XtKQGwfxckHImLAns0aCbxWi\nOW0E/c8ElXUnmG31Q1mtOjxACd/f0p+shGbzvmAaISU9kGZZDv0P1eMUoZMZtugN\nJX5Wl0PNY6HqhVoVPf2d+e7r+bmgPw27z1qcD4/SEfSBZEvKLQ9ifsV8K2vde8Gj\n/0UzUTo+gomGtcz2R87bVTZe0aVLbu4tn3+Ud4moXzicrOrKNGAyeJjKwuObD0wO\nKRE++gq7L6djjOclgvhc/6CV1BrqhGQiE+9kohjqcHuI7DVEsG+CuJaoJzHQNKrb\nBcvWIukCgYEA9dbqRSEfHMGTCtIXWqGvTQ5/h2nvIx4UnqPXXUA65vOkpnMK+i6A\nv2EtecXdarmfZ1tUxFk3Dhz03j6jqokNnqBx8mRyIr+pqVK6ZOJOCA+I55XyCHnT\nblHCofFP7MNBredcXVyAayZYvzydDMwjJ5UyXLmKG6yAg4VACiXLAdMCgYEA5k9D\nQ/KfnmByM6XaB6g4886prO6SjTZkDXhuqTMzb28KMHx+vGR3Xk6Ynxjq+1tatn7H\nBj1WH40J1+h29pM97icBOpV+JzjPJmlOZKP+wiwUgMfW0CsHhsCPVlQFpDp1xyQI\niVu0MOBlwdXMAG+dqmy0zsb+A5dosQ61t7pFeG8CgYBNs5H0K5XT1vMM1n5/LN9l\ncZGpUTg+V0GZKpvlY2m6mYOPAImVraEP3D0tYfarxuO1HU7biH84PLrAi/fa7Nqb\nKocZX9obVYzgcb9sJ4MWVSKmX+RR/X9wPPNRkB387XIS7y9oatZEB6jBOP1CkDsE\nRcnXOOWH/avY5gLpsixJ9QKBgQDFpEW0XNTwBBJdEjoeEhX13Gct2Xp4prGMAcrt\ndtvwCBl1bJESOSFbFBXTin21ATvCmt9PEnoDD3TgDUVx6v/djSl3zex52j2i2AIH\nSdkJZuyda2GEOTj3Qe6ABhDlU6nZIKoWvlTPEPMiOcgco6xpIWq0fH5mNJwKPfZh\n2f9eDwKBgQDBqYPEzEb8U6TFkW+RKzfO4hWurNH+yaYtPWrMq2D+FVdw5fnfTnFU\n5DEwLvEySBFVVKEqpKIw9lf3zXKcCCgY7/Lg/MwolaTj9AFn7lP2Fp/OYV62Vy5j\nXTL07FQSjNjR/+9RHw4wbuWinYmfP/UcHJMjkPX1CPU1fy+44P9Zwg==\n-----END RSA PRIVATE KEY-----\n",
            "content_base64": null,
            "content_base64sha256": "Q9rIuQBuQqIw3sUD+vjWK8fzINlHaz+EwR6LLX0oKXk=",
            "content_base64sha512": "AlPeJzUHoqvWT2ofj4bNOT0x0MWaNK/zIf02M8T7Bwb2eHD3arHefGI5hgBIowhhFcUGWQ0qG+39UJOb+Xbp8Q==",
            "content_md5": "adbe447b046fc1f6725eeb94ec19ef26",
            "content_sha1": "6667a50ff08256f18161f7592790ce160a58b365",
            "content_sha256": "43dac8b9006e42a230dec503faf8d62bc7f320d9476b3f84c11e8b2d7d282979",
            "content_sha512": "0253de273507a2abd64f6a1f8f86cd393d31d0c59a34aff321fd3633c4fb0706f67870f76ab1de7c6239860048a3086115c506590d2a1bedfd50939bf976e9f1",
            "directory_permission": "0777",
            "file_permission": "0400",
            "filename": "ec2-produser18-key.pem",
            "id": "6667a50ff08256f18161f7592790ce160a58b365",
            "sensitive_content": null,
            "source": null
          },
          "sensitive_attributes": [
            [
              {
                "type": "get_attr",
                "value": "sensitive_content"
              }
            ],
            [
              {
                "type": "get_attr",
                "value": "content"
              }
            ]
          ],
          "dependencies": [
            "tls_private_key.ssh_key"
          ]
        }
      ]
    },
    {
      "mode": "managed",
      "type": "tls_private_key",
      "name": "ssh_key",
      "provider": "provider[\"registry.terraform.io/hashicorp/tls\"]",
      "instances": [
        {
          "schema_version": 1,
          "attributes": {
            "algorithm": "RSA",
            "ecdsa_curve": "P224",
            "id": "71070b6f705379651bca8e9ce29b437c93a03507",
            "private_key_openssh": "-----BEGIN OPENSSH PRIVATE KEY-----\nb3BlbnNzaC1rZXktdjEAAAAABG5vbmUAAAAEbm9uZQAAAAAAAAABAAABFwAAAAdz\nc2gtcnNhAAAAAwEAAQAAAQEA3Ss0ZOalBjq2nBaE8/oRPrT0walEfSL6YFiUfMGL\n5or4fof3F68rInH5+ADJOz6wxefyogkfPe8K/46BEaXfRsU0lbqOn6Bpyv+gNIvF\nIyjPzdQ6hwrs7LrQVPZtpMX41OLOueQuUPDOlt7yA9O86oCmJoSulBHZ7v/vV9z0\nujPrgEwpyRdzd3xXBtOaawPz+7Hk7R3lB2nyeahGH8ceEDqgieS/iw5Xg8PeKVC2\ng2U3+mwNPIHJXvuZwg+saVp0kM8L6gmsXT64BKOeG3h9x/IK/cUiqbNUovkzcFl2\ncwdjlZRlI2xE1uUAnqOxVengaLoSMvBK4N+n77H9V7+yfQAAA7iecleznnJXswAA\nAAdzc2gtcnNhAAABAQDdKzRk5qUGOracFoTz+hE+tPTBqUR9IvpgWJR8wYvmivh+\nh/cXrysicfn4AMk7PrDF5/KiCR897wr/joERpd9GxTSVuo6foGnK/6A0i8UjKM/N\n1DqHCuzsutBU9m2kxfjU4s655C5Q8M6W3vID07zqgKYmhK6UEdnu/+9X3PS6M+uA\nTCnJF3N3fFcG05prA/P7seTtHeUHafJ5qEYfxx4QOqCJ5L+LDleDw94pULaDZTf6\nbA08gcle+5nCD6xpWnSQzwvqCaxdPrgEo54beH3H8gr9xSKps1Si+TNwWXZzB2OV\nlGUjbETW5QCeo7FV6eBouhIy8Erg36fvsf1Xv7J9AAAAAwEAAQAAAQAghogQBrNi\nNSRB1DX9Q1th427TRDdkR86WeLBtoHEYmHtu8EPwYbxwNl7SkBsH8XJByJiwJ7NG\ngm8VojltBP3PBJV1J5ht9UNZrTo8QAnf39KfrIRm875gGiElPZBmWQ79D9XjFKGT\nGbboDSV+VpdDzWOh6oVaFT39nfnu6/m5oD8Nu89anA+P0hH0gWRLyi0PYn7FfCtr\n3XvBo/9FM1E6PoKJhrXM9kfO21U2XtGlS27uLZ9/lHeJqF84nKzqyjRgMniYysLj\nmw9MDikRPvoKuy+nY4znJYL4XP+gldQa6oRkIhPvZKIY6nB7iOw1RLBvgriWqCcx\n0DSq2wXL1iLpAAAAgQDBqYPEzEb8U6TFkW+RKzfO4hWurNH+yaYtPWrMq2D+FVdw\n5fnfTnFU5DEwLvEySBFVVKEqpKIw9lf3zXKcCCgY7/Lg/MwolaTj9AFn7lP2Fp/O\nYV62Vy5jXTL07FQSjNjR/+9RHw4wbuWinYmfP/UcHJMjkPX1CPU1fy+44P9ZwgAA\nAIEA9dbqRSEfHMGTCtIXWqGvTQ5/h2nvIx4UnqPXXUA65vOkpnMK+i6Av2EtecXd\narmfZ1tUxFk3Dhz03j6jqokNnqBx8mRyIr+pqVK6ZOJOCA+I55XyCHnTblHCofFP\n7MNBredcXVyAayZYvzydDMwjJ5UyXLmKG6yAg4VACiXLAdMAAACBAOZPQ0Pyn55g\ncjOl2geoOPPOqazuko02ZA14bqkzM29vCjB8frxkd15OmJ8Y6vtbWrZ+xwY9Vh+N\nCdfodvaTPe4nATqVfic4zyZpTmSj/sIsFIDH1tArB4bAj1ZUBaQ6dcckCIlbtDDg\nZcHVzABvnapstM7G/gOXaLEOtbe6RXhvAAAAAAEC\n-----END OPENSSH PRIVATE KEY-----\n",
            "private_key_pem": "-----BEGIN RSA PRIVATE KEY-----\nMIIEpAIBAAKCAQEA3Ss0ZOalBjq2nBaE8/oRPrT0walEfSL6YFiUfMGL5or4fof3\nF68rInH5+ADJOz6wxefyogkfPe8K/46BEaXfRsU0lbqOn6Bpyv+gNIvFIyjPzdQ6\nhwrs7LrQVPZtpMX41OLOueQuUPDOlt7yA9O86oCmJoSulBHZ7v/vV9z0ujPrgEwp\nyRdzd3xXBtOaawPz+7Hk7R3lB2nyeahGH8ceEDqgieS/iw5Xg8PeKVC2g2U3+mwN\nPIHJXvuZwg+saVp0kM8L6gmsXT64BKOeG3h9x/IK/cUiqbNUovkzcFl2cwdjlZRl\nI2xE1uUAnqOxVengaLoSMvBK4N+n77H9V7+yfQIDAQABAoIBACCGiBAGs2I1JEHU\nNf1DW2HjbtNEN2RHzpZ4sG2gcRiYe27wQ/BhvHA2XtKQGwfxckHImLAns0aCbxWi\nOW0E/c8ElXUnmG31Q1mtOjxACd/f0p+shGbzvmAaISU9kGZZDv0P1eMUoZMZtugN\nJX5Wl0PNY6HqhVoVPf2d+e7r+bmgPw27z1qcD4/SEfSBZEvKLQ9ifsV8K2vde8Gj\n/0UzUTo+gomGtcz2R87bVTZe0aVLbu4tn3+Ud4moXzicrOrKNGAyeJjKwuObD0wO\nKRE++gq7L6djjOclgvhc/6CV1BrqhGQiE+9kohjqcHuI7DVEsG+CuJaoJzHQNKrb\nBcvWIukCgYEA9dbqRSEfHMGTCtIXWqGvTQ5/h2nvIx4UnqPXXUA65vOkpnMK+i6A\nv2EtecXdarmfZ1tUxFk3Dhz03j6jqokNnqBx8mRyIr+pqVK6ZOJOCA+I55XyCHnT\nblHCofFP7MNBredcXVyAayZYvzydDMwjJ5UyXLmKG6yAg4VACiXLAdMCgYEA5k9D\nQ/KfnmByM6XaB6g4886prO6SjTZkDXhuqTMzb28KMHx+vGR3Xk6Ynxjq+1tatn7H\nBj1WH40J1+h29pM97icBOpV+JzjPJmlOZKP+wiwUgMfW0CsHhsCPVlQFpDp1xyQI\niVu0MOBlwdXMAG+dqmy0zsb+A5dosQ61t7pFeG8CgYBNs5H0K5XT1vMM1n5/LN9l\ncZGpUTg+V0GZKpvlY2m6mYOPAImVraEP3D0tYfarxuO1HU7biH84PLrAi/fa7Nqb\nKocZX9obVYzgcb9sJ4MWVSKmX+RR/X9wPPNRkB387XIS7y9oatZEB6jBOP1CkDsE\nRcnXOOWH/avY5gLpsixJ9QKBgQDFpEW0XNTwBBJdEjoeEhX13Gct2Xp4prGMAcrt\ndtvwCBl1bJESOSFbFBXTin21ATvCmt9PEnoDD3TgDUVx6v/djSl3zex52j2i2AIH\nSdkJZuyda2GEOTj3Qe6ABhDlU6nZIKoWvlTPEPMiOcgco6xpIWq0fH5mNJwKPfZh\n2f9eDwKBgQDBqYPEzEb8U6TFkW+RKzfO4hWurNH+yaYtPWrMq2D+FVdw5fnfTnFU\n5DEwLvEySBFVVKEqpKIw9lf3zXKcCCgY7/Lg/MwolaTj9AFn7lP2Fp/OYV62Vy5j\nXTL07FQSjNjR/+9RHw4wbuWinYmfP/UcHJMjkPX1CPU1fy+44P9Zwg==\n-----END RSA PRIVATE KEY-----\n",
            "private_key_pem_pkcs8": "-----BEGIN PRIVATE KEY-----\nMIIEvgIBADANBgkqhkiG9w0BAQEFAASCBKgwggSkAgEAAoIBAQDdKzRk5qUGOrac\nFoTz+hE+tPTBqUR9IvpgWJR8wYvmivh+h/cXrysicfn4AMk7PrDF5/KiCR897wr/\njoERpd9GxTSVuo6foGnK/6A0i8UjKM/N1DqHCuzsutBU9m2kxfjU4s655C5Q8M6W\n3vID07zqgKYmhK6UEdnu/+9X3PS6M+uATCnJF3N3fFcG05prA/P7seTtHeUHafJ5\nqEYfxx4QOqCJ5L+LDleDw94pULaDZTf6bA08gcle+5nCD6xpWnSQzwvqCaxdPrgE\no54beH3H8gr9xSKps1Si+TNwWXZzB2OVlGUjbETW5QCeo7FV6eBouhIy8Erg36fv\nsf1Xv7J9AgMBAAECggEAIIaIEAazYjUkQdQ1/UNbYeNu00Q3ZEfOlniwbaBxGJh7\nbvBD8GG8cDZe0pAbB/FyQciYsCezRoJvFaI5bQT9zwSVdSeYbfVDWa06PEAJ39/S\nn6yEZvO+YBohJT2QZlkO/Q/V4xShkxm26A0lflaXQ81joeqFWhU9/Z357uv5uaA/\nDbvPWpwPj9IR9IFkS8otD2J+xXwra917waP/RTNROj6CiYa1zPZHzttVNl7RpUtu\n7i2ff5R3iahfOJys6so0YDJ4mMrC45sPTA4pET76Crsvp2OM5yWC+Fz/oJXUGuqE\nZCIT72SiGOpwe4jsNUSwb4K4lqgnMdA0qtsFy9Yi6QKBgQD11upFIR8cwZMK0hda\noa9NDn+Hae8jHhSeo9ddQDrm86Smcwr6LoC/YS15xd1quZ9nW1TEWTcOHPTePqOq\niQ2eoHHyZHIiv6mpUrpk4k4ID4jnlfIIedNuUcKh8U/sw0Gt51xdXIBrJli/PJ0M\nzCMnlTJcuYobrICDhUAKJcsB0wKBgQDmT0ND8p+eYHIzpdoHqDjzzqms7pKNNmQN\neG6pMzNvbwowfH68ZHdeTpifGOr7W1q2fscGPVYfjQnX6Hb2kz3uJwE6lX4nOM8m\naU5ko/7CLBSAx9bQKweGwI9WVAWkOnXHJAiJW7Qw4GXB1cwAb52qbLTOxv4Dl2ix\nDrW3ukV4bwKBgE2zkfQrldPW8wzWfn8s32VxkalROD5XQZkqm+VjabqZg48AiZWt\noQ/cPS1h9qvG47UdTtuIfzg8usCL99rs2psqhxlf2htVjOBxv2wngxZVIqZf5FH9\nf3A881GQHfztchLvL2hq1kQHqME4/UKQOwRFydc45Yf9q9jmAumyLEn1AoGBAMWk\nRbRc1PAEEl0SOh4SFfXcZy3ZenimsYwByu122/AIGXVskRI5IVsUFdOKfbUBO8Ka\n308SegMPdOANRXHq/92NKXfN7HnaPaLYAgdJ2Qlm7J1rYYQ5OPdB7oAGEOVTqdkg\nqha+VM8Q8yI5yByjrGkharR8fmY0nAo99mHZ/14PAoGBAMGpg8TMRvxTpMWRb5Er\nN87iFa6s0f7Jpi09asyrYP4VV3Dl+d9OcVTkMTAu8TJIEVVUoSqkojD2V/fNcpwI\nKBjv8uD8zCiVpOP0AWfuU/YWn85hXrZXLmNdMvTsVBKM2NH/71EfDjBu5aKdiZ8/\n9RwckyOQ9fUI9TV/L7jg/1nC\n-----END PRIVATE KEY-----\n",
            "public_key_fingerprint_md5": "d4:45:a0:e3:2a:95:0e:4f:2c:51:3e:59:0b:05:ba:4f",
            "public_key_fingerprint_sha256": "SHA256:ZtczI4SSsuLs6xAi1urLeQW/JOFUlXHwYi1DOi/U6SY",
            "public_key_openssh": "ssh-rsa AAAAB3NzaC1yc2EAAAADAQABAAABAQDdKzRk5qUGOracFoTz+hE+tPTBqUR9IvpgWJR8wYvmivh+h/cXrysicfn4AMk7PrDF5/KiCR897wr/joERpd9GxTSVuo6foGnK/6A0i8UjKM/N1DqHCuzsutBU9m2kxfjU4s655C5Q8M6W3vID07zqgKYmhK6UEdnu/+9X3PS6M+uATCnJF3N3fFcG05prA/P7seTtHeUHafJ5qEYfxx4QOqCJ5L+LDleDw94pULaDZTf6bA08gcle+5nCD6xpWnSQzwvqCaxdPrgEo54beH3H8gr9xSKps1Si+TNwWXZzB2OVlGUjbETW5QCeo7FV6eBouhIy8Erg36fvsf1Xv7J9\n",
            "public_key_pem": "-----BEGIN PUBLIC KEY-----\nMIIBIjANBgkqhkiG9w0BAQEFAAOCAQ8AMIIBCgKCAQEA3Ss0ZOalBjq2nBaE8/oR\nPrT0walEfSL6YFiUfMGL5or4fof3F68rInH5+ADJOz6wxefyogkfPe8K/46BEaXf\nRsU0lbqOn6Bpyv+gNIvFIyjPzdQ6hwrs7LrQVPZtpMX41OLOueQuUPDOlt7yA9O8\n6oCmJoSulBHZ7v/vV9z0ujPrgEwpyRdzd3xXBtOaawPz+7Hk7R3lB2nyeahGH8ce\nEDqgieS/iw5Xg8PeKVC2g2U3+mwNPIHJXvuZwg+saVp0kM8L6gmsXT64BKOeG3h9\nx/IK/cUiqbNUovkzcFl2cwdjlZRlI2xE1uUAnqOxVengaLoSMvBK4N+n77H9V7+y\nfQIDAQAB\n-----END PUBLIC KEY-----\n",
            "rsa_bits": 2048
          },
          "sensitive_attributes": [
            [
              {
                "type": "get_attr",
                "value": "private_key_pem_pkcs8"
              }
            ],
            [
              {
                "type": "get_attr",
                "value": "private_key_pem"
              }
            ],
            [
              {
                "type": "get_attr",
                "value": "private_key_openssh"
              }
            ]
          ]
        }
      ]
    },
    {
      "module": "module.security_group",
      "mode": "managed",
      "type": "aws_security_group",
      "name": "allow_http_ssh",
      "provider": "provider[\"registry.terraform.io/hashicorp/aws\"]",
      "instances": [
        {
          "schema_version": 1,
          "attributes": {
            "arn": "arn:aws:ec2:us-west-2:737795138174:security-group/sg-07d7732da36cbc4c9",
            "description": "Allow HTTP and SSH access",
            "egress": [
              {
                "cidr_blocks": [
                  "0.0.0.0/0"
                ],
                "description": "",
                "from_port": 0,
                "ipv6_cidr_blocks": [],
                "prefix_list_ids": [],
                "protocol": "-1",
                "security_groups": [],
                "self": false,
                "to_port": 0
              }
            ],
            "id": "sg-07d7732da36cbc4c9",
            "ingress": [
              {
                "cidr_blocks": [
                  "0.0.0.0/0"
                ],
                "description": "",
                "from_port": 22,
                "ipv6_cidr_blocks": [],
                "prefix_list_ids": [],
                "protocol": "tcp",
                "security_groups": [],
                "self": false,
                "to_port": 22
              },
              {
                "cidr_blocks": [
                  "0.0.0.0/0"
                ],
                "description": "",
                "from_port": 80,
                "ipv6_cidr_blocks": [],
                "prefix_list_ids": [],
                "protocol": "tcp",
                "security_groups": [],
                "self": false,
                "to_port": 80
              }
            ],
            "name": "produser18-sg",
            "name_prefix": "",
            "owner_id": "737795138174",
            "revoke_rules_on_delete": false,
            "tags": {
              "Name": "produser18-sg"
            },
            "tags_all": {
              "Name": "produser18-sg"
            },
            "timeouts": null,
            "vpc_id": "vpc-0f8f130d8790cc237"
          },
          "sensitive_attributes": [],
          "private": "eyJlMmJmYjczMC1lY2FhLTExZTYtOGY4OC0zNDM2M2JjN2M0YzAiOnsiY3JlYXRlIjo2MDAwMDAwMDAwMDAsImRlbGV0ZSI6OTAwMDAwMDAwMDAwfSwic2NoZW1hX3ZlcnNpb24iOiIxIn0=",
          "dependencies": [
            "module.vpc.aws_vpc.main"
          ]
        }
      ]
    },
    {
      "module": "module.vpc",
      "mode": "managed",
      "type": "aws_subnet",
      "name": "public",
      "provider": "provider[\"registry.terraform.io/hashicorp/aws\"]",
      "instances": [
        {
          "index_key": 0,
          "schema_version": 1,
          "attributes": {
            "arn": "arn:aws:ec2:us-west-2:737795138174:subnet/subnet-006d891d0f619e392",
            "assign_ipv6_address_on_creation": false,
            "availability_zone": "us-west-2d",
            "availability_zone_id": "usw2-az4",
            "cidr_block": "10.0.1.0/24",
            "customer_owned_ipv4_pool": "",
            "enable_dns64": false,
            "enable_lni_at_device_index": 0,
            "enable_resource_name_dns_a_record_on_launch": false,
            "enable_resource_name_dns_aaaa_record_on_launch": false,
            "id": "subnet-006d891d0f619e392",
            "ipv6_cidr_block": "",
            "ipv6_cidr_block_association_id": "",
            "ipv6_native": false,
            "map_customer_owned_ip_on_launch": false,
            "map_public_ip_on_launch": false,
            "outpost_arn": "",
            "owner_id": "737795138174",
            "private_dns_hostname_type_on_launch": "ip-name",
            "tags": {
              "Name": "produser18-subnet-1"
            },
            "tags_all": {
              "Name": "produser18-subnet-1"
            },
            "timeouts": null,
            "vpc_id": "vpc-0f8f130d8790cc237"
          },
          "sensitive_attributes": [],
          "private": "eyJlMmJmYjczMC1lY2FhLTExZTYtOGY4OC0zNDM2M2JjN2M0YzAiOnsiY3JlYXRlIjo2MDAwMDAwMDAwMDAsImRlbGV0ZSI6MTIwMDAwMDAwMDAwMH0sInNjaGVtYV92ZXJzaW9uIjoiMSJ9",
          "dependencies": [
            "module.vpc.aws_vpc.main"
          ]
        },
        {
          "index_key": 1,
          "schema_version": 1,
          "attributes": {
            "arn": "arn:aws:ec2:us-west-2:737795138174:subnet/subnet-08aa628eab4dc926e",
            "assign_ipv6_address_on_creation": false,
            "availability_zone": "us-west-2a",
            "availability_zone_id": "usw2-az2",
            "cidr_block": "10.0.2.0/24",
            "customer_owned_ipv4_pool": "",
            "enable_dns64": false,
            "enable_lni_at_device_index": 0,
            "enable_resource_name_dns_a_record_on_launch": false,
            "enable_resource_name_dns_aaaa_record_on_launch": false,
            "id": "subnet-08aa628eab4dc926e",
            "ipv6_cidr_block": "",
            "ipv6_cidr_block_association_id": "",
            "ipv6_native": false,
            "map_customer_owned_ip_on_launch": false,
            "map_public_ip_on_launch": false,
            "outpost_arn": "",
            "owner_id": "737795138174",
            "private_dns_hostname_type_on_launch": "ip-name",
            "tags": {
              "Name": "produser18-subnet-2"
            },
            "tags_all": {
              "Name": "produser18-subnet-2"
            },
            "timeouts": null,
            "vpc_id": "vpc-0f8f130d8790cc237"
          },
          "sensitive_attributes": [],
          "private": "eyJlMmJmYjczMC1lY2FhLTExZTYtOGY4OC0zNDM2M2JjN2M0YzAiOnsiY3JlYXRlIjo2MDAwMDAwMDAwMDAsImRlbGV0ZSI6MTIwMDAwMDAwMDAwMH0sInNjaGVtYV92ZXJzaW9uIjoiMSJ9",
          "dependencies": [
            "module.vpc.aws_vpc.main"
          ]
        }
      ]
    },
    {
      "module": "module.vpc",
      "mode": "managed",
      "type": "aws_vpc",
      "name": "main",
      "provider": "provider[\"registry.terraform.io/hashicorp/aws\"]",
      "instances": [
        {
          "schema_version": 1,
          "attributes": {
            "arn": "arn:aws:ec2:us-west-2:737795138174:vpc/vpc-0f8f130d8790cc237",
            "assign_generated_ipv6_cidr_block": false,
            "cidr_block": "10.0.0.0/16",
            "default_network_acl_id": "acl-042d3572165636825",
            "default_route_table_id": "rtb-09bcf5db1f0b5e16f",
            "default_security_group_id": "sg-0b5c9cdac59c6c110",
            "dhcp_options_id": "dopt-fa39a082",
            "enable_dns_hostnames": false,
            "enable_dns_support": true,
            "enable_network_address_usage_metrics": false,
            "id": "vpc-0f8f130d8790cc237",
            "instance_tenancy": "default",
            "ipv4_ipam_pool_id": null,
            "ipv4_netmask_length": null,
            "ipv6_association_id": "",
            "ipv6_cidr_block": "",
            "ipv6_cidr_block_network_border_group": "",
            "ipv6_ipam_pool_id": "",
            "ipv6_netmask_length": 0,
            "main_route_table_id": "rtb-09bcf5db1f0b5e16f",
            "owner_id": "737795138174",
            "tags": {
              "Name": "produser18-vpc"
            },
            "tags_all": {
              "Name": "produser18-vpc"
            }
          },
          "sensitive_attributes": [],
          "private": "eyJzY2hlbWFfdmVyc2lvbiI6IjEifQ=="
        }
      ]
    }
  ],
  "check_results": null
}
